{
  "name": "osbx-examples",
  "version": "1.0.0",
  "lockfileVersion": 2,
  "requires": true,
  "packages": {
    "": {
      "name": "osbx-examples",
      "version": "1.0.0",
      "license": "ISC",
      "dependencies": {
        "osbx": "^0.2.6"
      }
    },
    "node_modules/dotosb": {
      "version": "1.6.6",
      "resolved": "https://registry.npmjs.org/dotosb/-/dotosb-1.6.6.tgz",
      "integrity": "sha512-P8mw3+VZZ3ZFxcxiTp4u+S7dGYdiBx/WA6SLkZTN/m87XVhRWY75eDGvB/+oDQELMaXMDx2RfIxGItgGM8IGLw=="
    },
    "node_modules/dotosu": {
      "version": "1.2.3",
      "resolved": "https://registry.npmjs.org/dotosu/-/dotosu-1.2.3.tgz",
      "integrity": "sha512-b+CfGJMY8xj/c5fOGlGAVfk1Ag7KPLh07qVBqCB4e4JzLuXQeiLHj5qJ4+9kZRRZ336E9nrnAlSXl/d3oQuRrA==",
      "dependencies": {
        "dotosb": "^1.1.1"
      }
    },
    "node_modules/osbx": {
      "version": "0.2.6",
      "resolved": "https://registry.npmjs.org/osbx/-/osbx-0.2.6.tgz",
      "integrity": "sha512-thjXtJx+h5P8XSOcjOg6keymwDP1FRrf5WnaPplJRmKfD8Vc603Al6mSdh88jtyMM5ZVgGy8eb0jKtbPjq8iYg==",
      "dependencies": {
        "dotosb": "^1.6.0",
        "dotosu": "^1.1.2",
        "srandom": "^1.0.0"
      }
    },
    "node_modules/srandom": {
      "version": "1.0.0",
      "resolved": "https://registry.npmjs.org/srandom/-/srandom-1.0.0.tgz",
      "integrity": "sha512-azHp6Bxr3GwEArCnJ61E34AupetaPIm+y09rODzrV2lt5Yp0qiPjiElyRgWMoUCL6XoaY1a0/sNME3all59CWQ=="
    }
  },
  "dependencies": {
    "dotosb": {
      "version": "1.6.6",
      "resolved": "https://registry.npmjs.org/dotosb/-/dotosb-1.6.6.tgz",
      "integrity": "sha512-P8mw3+VZZ3ZFxcxiTp4u+S7dGYdiBx/WA6SLkZTN/m87XVhRWY75eDGvB/+oDQELMaXMDx2RfIxGItgGM8IGLw=="
    },
    "dotosu": {
      "version": "1.2.3",
      "resolved": "https://registry.npmjs.org/dotosu/-/dotosu-1.2.3.tgz",
      "integrity": "sha512-b+CfGJMY8xj/c5fOGlGAVfk1Ag7KPLh07qVBqCB4e4JzLuXQeiLHj5qJ4+9kZRRZ336E9nrnAlSXl/d3oQuRrA==",
      "requires": {
        "dotosb": "^1.1.1"
      }
    },
    "osbx": {
      "version": "0.2.6",
      "resolved": "https://registry.npmjs.org/osbx/-/osbx-0.2.6.tgz",
      "integrity": "sha512-thjXtJx+h5P8XSOcjOg6keymwDP1FRrf5WnaPplJRmKfD8Vc603Al6mSdh88jtyMM5ZVgGy8eb0jKtbPjq8iYg==",
      "requires": {
        "dotosb": "^1.6.0",
        "dotosu": "^1.1.2",
        "srandom": "^1.0.0"
      }
    },
    "srandom": {
      "version": "1.0.0",
      "resolved": "https://registry.npmjs.org/srandom/-/srandom-1.0.0.tgz",
      "integrity": "sha512-azHp6Bxr3GwEArCnJ61E34AupetaPIm+y09rODzrV2lt5Yp0qiPjiElyRgWMoUCL6XoaY1a0/sNME3all59CWQ=="
    }
  }
}
